
Microsoft Visual Studio Solution File, Format Version 12.00
# Visual Studio Version 16
VisualStudioVersion = 16.0.29519.181
MinimumVisualStudioVersion = 10.0.40219.1
Project("{FAE04EC0-301F-11D3-BF4B-00C04F79EFBC}") = "Kosarkasi", "Kosarkasi\Kosarkasi.csproj", "{3A3FA72A-19FA-48A9-BBCD-6C3B4EEF2F9A}"
EndProject
Project("{FAE04EC0-301F-11D3-BF4B-00C04F79EFBC}") = "Kosarkasi.Tests", "Kosarkasi.Tests\Kosarkasi.Tests.csproj", "{D0994D8D-A239-4A7B-8631-07BBB336D2CF}"
EndProject
Global
	GlobalSection(SolutionConfigurationPlatforms) = preSolution
		Debug|Any CPU = Debug|Any CPU
		Release|Any CPU = Release|Any CPU
	EndGlobalSection
	GlobalSection(ProjectConfigurationPlatforms) = postSolution
		{3A3FA72A-19FA-48A9-BBCD-6C3B4EEF2F9A}.Debug|Any CPU.ActiveCfg = Debug|Any CPU
		{3A3FA72A-19FA-48A9-BBCD-6C3B4EEF2F9A}.Debug|Any CPU.Build.0 = Debug|Any CPU
		{3A3FA72A-19FA-48A9-BBCD-6C3B4EEF2F9A}.Release|Any CPU.ActiveCfg = Release|Any CPU
		{3A3FA72A-19FA-48A9-BBCD-6C3B4EEF2F9A}.Release|Any CPU.Build.0 = Release|Any CPU
		{D0994D8D-A239-4A7B-8631-07BBB336D2CF}.Debug|Any CPU.ActiveCfg = Debug|Any CPU
		{D0994D8D-A239-4A7B-8631-07BBB336D2CF}.Debug|Any CPU.Build.0 = Debug|Any CPU
		{D0994D8D-A239-4A7B-8631-07BBB336D2CF}.Release|Any CPU.ActiveCfg = Release|Any CPU
		{D0994D8D-A239-4A7B-8631-07BBB336D2CF}.Release|Any CPU.Build.0 = Release|Any CPU
	EndGlobalSection
	GlobalSection(SolutionProperties) = preSolution
		HideSolutionNode = FALSE
	EndGlobalSection
	GlobalSection(ExtensibilityGlobals) = postSolution
		SolutionGuid = {300BB8AE-71DF-42A8-A5F9-DF4DEC8E185D}
	EndGlobalSection
EndGlobal
